{
  "nodes": {
    "flake-utils": {
      "locked": {
        "lastModified": 1614513358,
        "narHash": "sha256-LakhOx3S1dRjnh0b5Dg3mbZyH0ToC9I8Y2wKSkBaTzU=",
        "owner": "numtide",
        "repo": "flake-utils",
        "rev": "5466c5bbece17adaab2d82fae80b46e807611bf3",
        "type": "github"
      },
      "original": {
        "owner": "numtide",
        "repo": "flake-utils",
        "type": "github"
      }
    },
    "flake-utils_2": {
      "locked": {
        "lastModified": 1601282935,
        "narHash": "sha256-WQAFV6sGGQxrRs3a+/Yj9xUYvhTpukQJIcMbIi7LCJ4=",
        "owner": "numtide",
        "repo": "flake-utils",
        "rev": "588973065fce51f4763287f0fda87a174d78bf48",
        "type": "github"
      },
      "original": {
        "owner": "numtide",
        "repo": "flake-utils",
        "type": "github"
      }
    },
    "jupyterWith": {
      "flake": false,
      "locked": {
        "lastModified": 1616356889,
        "narHash": "sha256-KtWTgbZAdUA1dfCtqHB2nuYR0b3LbY6gyy4yQclfb38=",
        "owner": "GTrunSec",
        "repo": "jupyterWith",
        "rev": "3e71ff0a0d2485a682598bac0399c23a570a948f",
        "type": "github"
      },
      "original": {
        "owner": "GTrunSec",
        "ref": "Mar",
        "repo": "jupyterWith",
        "type": "github"
      }
    },
    "mach-nix": {
      "inputs": {
        "flake-utils": "flake-utils_2",
        "nixpkgs": [
          "nixpkgs"
        ],
        "pypi-deps-db": "pypi-deps-db"
      },
      "locked": {
        "lastModified": 1615528021,
        "narHash": "sha256-FSzp2qrHMhyiVr7K2wGdBeqf5HWGDCouuCYGNqgZD2I=",
        "owner": "DavHau",
        "repo": "mach-nix",
        "rev": "ac62255e8112e547432ca0f09bfe8f4d1920fbb8",
        "type": "github"
      },
      "original": {
        "owner": "DavHau",
        "repo": "mach-nix",
        "type": "github"
      }
    },
    "nixpkgs": {
      "locked": {
        "lastModified": 1613811791,
        "narHash": "sha256-qfCT5ym6id/LKLc9YlxcGi1JC7tNaCX46AGoY1sDydI=",
        "owner": "NixOS",
        "repo": "nixpkgs",
        "rev": "04f436940c85b68a5dc6b69d93a9aa542cf3bf6c",
        "type": "github"
      },
      "original": {
        "id": "nixpkgs",
        "rev": "04f436940c85b68a5dc6b69d93a9aa542cf3bf6c",
        "type": "indirect"
      }
    },
    "nixpkgs-hardenedlinux": {
      "flake": false,
      "locked": {
        "lastModified": 1616287981,
        "narHash": "sha256-jo5iR0vfAkf3n4f7748pJEPc3Q5yF+1dlVhd27EH6rE=",
        "owner": "hardenedlinux",
        "repo": "nixpkgs-hardenedlinux",
        "rev": "e9d8c8c25ca96db47ab525499a44709c5dc7e611",
        "type": "github"
      },
      "original": {
        "owner": "hardenedlinux",
        "ref": "master",
        "repo": "nixpkgs-hardenedlinux",
        "type": "github"
      }
    },
    "pypi-deps-db": {
      "flake": false,
      "locked": {
        "lastModified": 1615363940,
        "narHash": "sha256-GJ3ONLWAr5ejqR5bKVfKpI/n+ClaxjyYewMP+QJyq5M=",
        "owner": "DavHau",
        "repo": "pypi-deps-db",
        "rev": "ab522f2d3255789f1ef97fa7c83d4342be156e67",
        "type": "github"
      },
      "original": {
        "owner": "DavHau",
        "repo": "pypi-deps-db",
        "type": "github"
      }
    },
    "root": {
      "inputs": {
        "flake-utils": "flake-utils",
        "jupyterWith": "jupyterWith",
        "mach-nix": "mach-nix",
        "nixpkgs": "nixpkgs",
        "nixpkgs-hardenedlinux": "nixpkgs-hardenedlinux"
      }
    }
  },
  "root": "root",
  "version": 7
}
